
Microsoft Visual Studio Solution File, Format Version 12.00
# Visual Studio Version 16
VisualStudioVersion = 16.0.30621.155
MinimumVisualStudioVersion = 10.0.40219.1
Project("{FAE04EC0-301F-11D3-BF4B-00C04F79EFBC}") = "TestEF", "TestEF\TestEF.csproj", "{EEB3018A-501E-4CD3-8370-30CB95754B1D}"
EndProject
Global
	GlobalSection(SolutionConfigurationPlatforms) = preSolution
		Debug|Any CPU = Debug|Any CPU
		Release|Any CPU = Release|Any CPU
	EndGlobalSection
	GlobalSection(ProjectConfigurationPlatforms) = postSolution
		{EEB3018A-501E-4CD3-8370-30CB95754B1D}.Debug|Any CPU.ActiveCfg = Debug|Any CPU
		{EEB3018A-501E-4CD3-8370-30CB95754B1D}.Debug|Any CPU.Build.0 = Debug|Any CPU
		{EEB3018A-501E-4CD3-8370-30CB95754B1D}.Release|Any CPU.ActiveCfg = Release|Any CPU
		{EEB3018A-501E-4CD3-8370-30CB95754B1D}.Release|Any CPU.Build.0 = Release|Any CPU
	EndGlobalSection
	GlobalSection(SolutionProperties) = preSolution
		HideSolutionNode = FALSE
	EndGlobalSection
	GlobalSection(ExtensibilityGlobals) = postSolution
		SolutionGuid = {82EF2987-14BB-42D9-871B-2316A5630958}
	EndGlobalSection
EndGlobal
